
Microsoft Visual Studio Solution File, Format Version 12.00
# Visual Studio Version 17
VisualStudioVersion = 17.4.33403.182
MinimumVisualStudioVersion = 10.0.40219.1
Project("{FAE04EC0-301F-11D3-BF4B-00C04F79EFBC}") = "TypeScriptClientGeneratorMiddleware", "TypeScriptClientGeneratorMiddleware\TypeScriptClientGeneratorMiddleware.csproj", "{BE89FFA6-DC0B-4806-B35E-51CA18A0C768}"
EndProject
Global
	GlobalSection(SolutionConfigurationPlatforms) = preSolution
		Debug|Any CPU = Debug|Any CPU
		Release|Any CPU = Release|Any CPU
	EndGlobalSection
	GlobalSection(ProjectConfigurationPlatforms) = postSolution
		{BE89FFA6-DC0B-4806-B35E-51CA18A0C768}.Debug|Any CPU.ActiveCfg = Debug|Any CPU
		{BE89FFA6-DC0B-4806-B35E-51CA18A0C768}.Debug|Any CPU.Build.0 = Debug|Any CPU
		{BE89FFA6-DC0B-4806-B35E-51CA18A0C768}.Release|Any CPU.ActiveCfg = Release|Any CPU
		{BE89FFA6-DC0B-4806-B35E-51CA18A0C768}.Release|Any CPU.Build.0 = Release|Any CPU
	EndGlobalSection
	GlobalSection(SolutionProperties) = preSolution
		HideSolutionNode = FALSE
	EndGlobalSection
	GlobalSection(ExtensibilityGlobals) = postSolution
		SolutionGuid = {0B71762D-F2AF-415F-9DFA-92F7176A80F6}
	EndGlobalSection
EndGlobal
